
Microsoft Visual Studio Solution File, Format Version 12.00
# Visual Studio 15
VisualStudioVersion = 15.0.28307.136
MinimumVisualStudioVersion = 10.0.40219.1
Project("{FAE04EC0-301F-11D3-BF4B-00C04F79EFBC}") = "Vending", "Vending\Vending.csproj", "{352191AD-E3C9-49B3-86DB-6F1A0AC59639}"
EndProject
Project("{FAE04EC0-301F-11D3-BF4B-00C04F79EFBC}") = "Core", "Core\Core.csproj", "{86BEA0C4-597A-4163-B31D-0AD5D45166AF}"
EndProject
Global
	GlobalSection(SolutionConfigurationPlatforms) = preSolution
		Debug|Any CPU = Debug|Any CPU
		Release|Any CPU = Release|Any CPU
	EndGlobalSection
	GlobalSection(ProjectConfigurationPlatforms) = postSolution
		{352191AD-E3C9-49B3-86DB-6F1A0AC59639}.Debug|Any CPU.ActiveCfg = Debug|Any CPU
		{352191AD-E3C9-49B3-86DB-6F1A0AC59639}.Debug|Any CPU.Build.0 = Debug|Any CPU
		{352191AD-E3C9-49B3-86DB-6F1A0AC59639}.Release|Any CPU.ActiveCfg = Release|Any CPU
		{352191AD-E3C9-49B3-86DB-6F1A0AC59639}.Release|Any CPU.Build.0 = Release|Any CPU
		{86BEA0C4-597A-4163-B31D-0AD5D45166AF}.Debug|Any CPU.ActiveCfg = Debug|Any CPU
		{86BEA0C4-597A-4163-B31D-0AD5D45166AF}.Debug|Any CPU.Build.0 = Debug|Any CPU
		{86BEA0C4-597A-4163-B31D-0AD5D45166AF}.Release|Any CPU.ActiveCfg = Release|Any CPU
		{86BEA0C4-597A-4163-B31D-0AD5D45166AF}.Release|Any CPU.Build.0 = Release|Any CPU
	EndGlobalSection
	GlobalSection(SolutionProperties) = preSolution
		HideSolutionNode = FALSE
	EndGlobalSection
	GlobalSection(ExtensibilityGlobals) = postSolution
		SolutionGuid = {ED08FB08-0B68-4550-AF00-B9E5C9AD18C4}
	EndGlobalSection
EndGlobal
